
Microsoft Visual Studio Solution File, Format Version 12.00
# Visual Studio 2012
Project("{FAE04EC0-301F-11D3-BF4B-00C04F79EFBC}") = "SinectMes", "SinectMes\SinectMes.csproj", "{BBED07AB-4CC3-40C8-9870-434492785750}"
EndProject
Global
	GlobalSection(SolutionConfigurationPlatforms) = preSolution
		Debug|Any CPU = Debug|Any CPU
		Release|Any CPU = Release|Any CPU
	EndGlobalSection
	GlobalSection(ProjectConfigurationPlatforms) = postSolution
		{BBED07AB-4CC3-40C8-9870-434492785750}.Debug|Any CPU.ActiveCfg = Debug|Any CPU
		{BBED07AB-4CC3-40C8-9870-434492785750}.Debug|Any CPU.Build.0 = Debug|Any CPU
		{BBED07AB-4CC3-40C8-9870-434492785750}.Release|Any CPU.ActiveCfg = Release|Any CPU
		{BBED07AB-4CC3-40C8-9870-434492785750}.Release|Any CPU.Build.0 = Release|Any CPU
	EndGlobalSection
EndGlobal
